<?xml version="1.0" encoding="UTF-8" standalone="yes" ?>
<CodeBlocks_project_file>
	<FileVersion major="1" minor="6" />
	<Project>
		<Option title="qucsgui" />
		<Option makefile_is_custom="1" />
		<Option pch_mode="2" />
		<Option compiler="gcc" />
		<Build>
			<Target title="all">
				<Option output="qucs/qucs" prefix_auto="0" extension_auto="0" />
				<Option object_output="obj/Debug/" />
				<Option type="1" />
				<Option compiler="gcc" />
				<Option use_console_runner="0" />
				<Compiler>
					<Add option="-g" />
				</Compiler>
			</Target>
		</Build>
		<Compiler>
			<Add option="-Wall" />
		</Compiler>
		<Unit filename="Makefile.am" />
		<Unit filename="autogen.sh" />
		<Unit filename="config.h" />
		<Unit filename="configure.ac" />
		<Unit filename="contrib/Makefile.am" />
		<Unit filename="contrib/doxygen/doxygen_main_page.cpp" />
		<Unit filename="debian/changelog" />
		<Unit filename="examples/Makefile.am" />
		<Unit filename="examples/configure.ac" />
		<Unit filename="qucs-attenuator/Makefile.am" />
		<Unit filename="qucs-attenuator/attenuatorfunc.cpp" />
		<Unit filename="qucs-attenuator/attenuatorfunc.h" />
		<Unit filename="qucs-attenuator/bitmaps/Makefile.am" />
		<Unit filename="qucs-attenuator/main.cpp" />
		<Unit filename="qucs-attenuator/qucsattenuator.cpp" />
		<Unit filename="qucs-attenuator/qucsattenuator.h" />
		<Unit filename="qucs-doc/Makefile.am" />
		<Unit filename="qucs-doc/autogen.sh" />
		<Unit filename="qucs-doc/configure.ac" />
		<Unit filename="qucs-edit/Makefile.am" />
		<Unit filename="qucs-edit/main.cpp" />
		<Unit filename="qucs-edit/qucsedit.cpp" />
		<Unit filename="qucs-edit/qucsedit.h" />
		<Unit filename="qucs-filter-v2/Makefile.am" />
		<Unit filename="qucs-filter-v2/qf_api.cpp" />
		<Unit filename="qucs-filter-v2/qf_api.h" />
		<Unit filename="qucs-filter-v2/qf_bessel.cpp" />
		<Unit filename="qucs-filter-v2/qf_bessel.h" />
		<Unit filename="qucs-filter-v2/qf_blinch.cpp" />
		<Unit filename="qucs-filter-v2/qf_blinch.h" />
		<Unit filename="qucs-filter-v2/qf_box.cpp" />
		<Unit filename="qucs-filter-v2/qf_box.h" />
		<Unit filename="qucs-filter-v2/qf_butcheb.cpp" />
		<Unit filename="qucs-filter-v2/qf_butcheb.h" />
		<Unit filename="qucs-filter-v2/qf_capacity.h" />
		<Unit filename="qucs-filter-v2/qf_cauer.cpp" />
		<Unit filename="qucs-filter-v2/qf_cauer.h" />
		<Unit filename="qucs-filter-v2/qf_common.cpp" />
		<Unit filename="qucs-filter-v2/qf_common.h" />
		<Unit filename="qucs-filter-v2/qf_comp.cpp" />
		<Unit filename="qucs-filter-v2/qf_comp.h" />
		<Unit filename="qucs-filter-v2/qf_dialog.cpp" />
		<Unit filename="qucs-filter-v2/qf_dialog.h" />
		<Unit filename="qucs-filter-v2/qf_filter.cpp" />
		<Unit filename="qucs-filter-v2/qf_filter.h" />
		<Unit filename="qucs-filter-v2/qf_icheb.cpp" />
		<Unit filename="qucs-filter-v2/qf_icheb.h" />
		<Unit filename="qucs-filter-v2/qf_legendre.cpp" />
		<Unit filename="qucs-filter-v2/qf_legendre.h" />
		<Unit filename="qucs-filter-v2/qf_main.cpp" />
		<Unit filename="qucs-filter-v2/qf_matrix.cpp" />
		<Unit filename="qucs-filter-v2/qf_matrix.h" />
		<Unit filename="qucs-filter-v2/qf_optimize.cpp" />
		<Unit filename="qucs-filter-v2/qf_poly.cpp" />
		<Unit filename="qucs-filter-v2/qf_poly.h" />
		<Unit filename="qucs-filter-v2/qf_qr.cpp" />
		<Unit filename="qucs-filter-v2/qf_qr.h" />
		<Unit filename="qucs-filter-v2/qf_settings.cpp" />
		<Unit filename="qucs-filter-v2/qf_settings.h" />
		<Unit filename="qucs-filter-v2/qf_tform.cpp" />
		<Unit filename="qucs-filter-v2/qf_tform.h" />
		<Unit filename="qucs-filter-v2/qf_transform.cpp" />
		<Unit filename="qucs-filter-v2/qf_transform.h" />
		<Unit filename="qucs-filter-v2/qf_zigzag.cpp" />
		<Unit filename="qucs-filter-v2/qf_zigzag.h" />
		<Unit filename="qucs-filter/Makefile.am" />
		<Unit filename="qucs-filter/helpdialog.cpp" />
		<Unit filename="qucs-filter/helpdialog.h" />
		<Unit filename="qucs-filter/lc_filter.cpp" />
		<Unit filename="qucs-filter/lc_filter.h" />
		<Unit filename="qucs-filter/main.cpp" />
		<Unit filename="qucs-filter/qf_cauer.cpp" />
		<Unit filename="qucs-filter/qf_cauer.h" />
		<Unit filename="qucs-filter/qf_filter.cpp" />
		<Unit filename="qucs-filter/qf_filter.h" />
		<Unit filename="qucs-filter/qf_matrix.h" />
		<Unit filename="qucs-filter/qf_poly.cpp" />
		<Unit filename="qucs-filter/qf_poly.h" />
		<Unit filename="qucs-filter/qucsfilter.cpp" />
		<Unit filename="qucs-filter/qucsfilter.h" />
		<Unit filename="qucs-help/Makefile.am" />
		<Unit filename="qucs-help/docs/Makefile.am" />
		<Unit filename="qucs-help/docs/cs/Makefile.am" />
		<Unit filename="qucs-help/docs/de/Makefile.am" />
		<Unit filename="qucs-help/docs/en/Makefile.am" />
		<Unit filename="qucs-help/docs/es/Makefile.am" />
		<Unit filename="qucs-help/docs/fr/Makefile.am" />
		<Unit filename="qucs-help/docs/pt/Makefile.am" />
		<Unit filename="qucs-help/docs/ru/Makefile.am" />
		<Unit filename="qucs-help/docs/uk/Makefile.am" />
		<Unit filename="qucs-help/htmldatafetcher.cpp" />
		<Unit filename="qucs-help/htmldatafetcher.h" />
		<Unit filename="qucs-help/main.cpp" />
		<Unit filename="qucs-help/qucshelp.cpp" />
		<Unit filename="qucs-help/qucshelp.h" />
		<Unit filename="qucs-lib/Makefile.am" />
		<Unit filename="qucs-lib/displaydialog.cpp" />
		<Unit filename="qucs-lib/displaydialog.h" />
		<Unit filename="qucs-lib/library/Makefile.am" />
		<Unit filename="qucs-lib/librarydialog.cpp" />
		<Unit filename="qucs-lib/librarydialog.h" />
		<Unit filename="qucs-lib/main.cpp" />
		<Unit filename="qucs-lib/qucslib.cpp" />
		<Unit filename="qucs-lib/qucslib.h" />
		<Unit filename="qucs-lib/searchdialog.cpp" />
		<Unit filename="qucs-lib/searchdialog.h" />
		<Unit filename="qucs-lib/symbolwidget.cpp" />
		<Unit filename="qucs-lib/symbolwidget.h" />
		<Unit filename="qucs-transcalc/Makefile.am" />
		<Unit filename="qucs-transcalc/bitmaps/Makefile.am" />
		<Unit filename="qucs-transcalc/c_microstrip.cpp" />
		<Unit filename="qucs-transcalc/c_microstrip.h" />
		<Unit filename="qucs-transcalc/coax.cpp" />
		<Unit filename="qucs-transcalc/coax.h" />
		<Unit filename="qucs-transcalc/coplanar.cpp" />
		<Unit filename="qucs-transcalc/coplanar.h" />
		<Unit filename="qucs-transcalc/examples/Makefile.am" />
		<Unit filename="qucs-transcalc/helpdialog.cpp" />
		<Unit filename="qucs-transcalc/helpdialog.h" />
		<Unit filename="qucs-transcalc/main.cpp" />
		<Unit filename="qucs-transcalc/microstrip.cpp" />
		<Unit filename="qucs-transcalc/microstrip.h" />
		<Unit filename="qucs-transcalc/optionsdialog.cpp" />
		<Unit filename="qucs-transcalc/optionsdialog.h" />
		<Unit filename="qucs-transcalc/qucstrans.cpp" />
		<Unit filename="qucs-transcalc/qucstrans.h" />
		<Unit filename="qucs-transcalc/rectwaveguide.cpp" />
		<Unit filename="qucs-transcalc/rectwaveguide.h" />
		<Unit filename="qucs-transcalc/transline.cpp" />
		<Unit filename="qucs-transcalc/transline.h" />
		<Unit filename="qucs-transcalc/units.h" />
		<Unit filename="qucs/Makefile.am" />
		<Unit filename="qucs/components/DLS_1ton.cpp" />
		<Unit filename="qucs/components/DLS_1ton.h" />
		<Unit filename="qucs/components/DLS_nto1.cpp" />
		<Unit filename="qucs/components/DLS_nto1.h" />
		<Unit filename="qucs/components/EKV26MOS.cpp" />
		<Unit filename="qucs/components/EKV26MOS.h" />
		<Unit filename="qucs/components/HBT_X.cpp" />
		<Unit filename="qucs/components/HBT_X.h" />
		<Unit filename="qucs/components/MESFET.cpp" />
		<Unit filename="qucs/components/MESFET.h" />
		<Unit filename="qucs/components/Makefile.am" />
		<Unit filename="qucs/components/ac_sim.cpp" />
		<Unit filename="qucs/components/ac_sim.h" />
		<Unit filename="qucs/components/am_modulator.cpp" />
		<Unit filename="qucs/components/am_modulator.h" />
		<Unit filename="qucs/components/ampere_ac.cpp" />
		<Unit filename="qucs/components/ampere_ac.h" />
		<Unit filename="qucs/components/ampere_dc.cpp" />
		<Unit filename="qucs/components/ampere_dc.h" />
		<Unit filename="qucs/components/ampere_noise.cpp" />
		<Unit filename="qucs/components/ampere_noise.h" />
		<Unit filename="qucs/components/amplifier.cpp" />
		<Unit filename="qucs/components/amplifier.h" />
		<Unit filename="qucs/components/andor4x2.cpp" />
		<Unit filename="qucs/components/andor4x2.h" />
		<Unit filename="qucs/components/andor4x3.cpp" />
		<Unit filename="qucs/components/andor4x3.h" />
		<Unit filename="qucs/components/andor4x4.cpp" />
		<Unit filename="qucs/components/andor4x4.h" />
		<Unit filename="qucs/components/attenuator.cpp" />
		<Unit filename="qucs/components/attenuator.h" />
		<Unit filename="qucs/components/biast.cpp" />
		<Unit filename="qucs/components/biast.h" />
		<Unit filename="qucs/components/binarytogrey4bit.cpp" />
		<Unit filename="qucs/components/binarytogrey4bit.h" />
		<Unit filename="qucs/components/bjt.cpp" />
		<Unit filename="qucs/components/bjt.h" />
		<Unit filename="qucs/components/bjtsub.cpp" />
		<Unit filename="qucs/components/bjtsub.h" />
		<Unit filename="qucs/components/bondwire.cpp" />
		<Unit filename="qucs/components/bondwire.h" />
		<Unit filename="qucs/components/bsim3v34nMOS.cpp" />
		<Unit filename="qucs/components/bsim3v34nMOS.h" />
		<Unit filename="qucs/components/bsim3v34pMOS.cpp" />
		<Unit filename="qucs/components/bsim3v34pMOS.h" />
		<Unit filename="qucs/components/bsim4v30nMOS.cpp" />
		<Unit filename="qucs/components/bsim4v30nMOS.h" />
		<Unit filename="qucs/components/bsim4v30pMOS.cpp" />
		<Unit filename="qucs/components/bsim4v30pMOS.h" />
		<Unit filename="qucs/components/capacitor.cpp" />
		<Unit filename="qucs/components/capacitor.h" />
		<Unit filename="qucs/components/cccs.cpp" />
		<Unit filename="qucs/components/cccs.h" />
		<Unit filename="qucs/components/ccvs.cpp" />
		<Unit filename="qucs/components/ccvs.h" />
		<Unit filename="qucs/components/circulator.cpp" />
		<Unit filename="qucs/components/circulator.h" />
		<Unit filename="qucs/components/coaxialline.cpp" />
		<Unit filename="qucs/components/coaxialline.h" />
		<Unit filename="qucs/components/comp_1bit.cpp" />
		<Unit filename="qucs/components/comp_1bit.h" />
		<Unit filename="qucs/components/comp_2bit.cpp" />
		<Unit filename="qucs/components/comp_2bit.h" />
		<Unit filename="qucs/components/comp_4bit.cpp" />
		<Unit filename="qucs/components/comp_4bit.h" />
		<Unit filename="qucs/components/component.cpp" />
		<Unit filename="qucs/components/component.h" />
		<Unit filename="qucs/components/componentdialog.cpp" />
		<Unit filename="qucs/components/componentdialog.h" />
		<Unit filename="qucs/components/components.h" />
		<Unit filename="qucs/components/coplanar.cpp" />
		<Unit filename="qucs/components/coplanar.h" />
		<Unit filename="qucs/components/coupler.cpp" />
		<Unit filename="qucs/components/coupler.h" />
		<Unit filename="qucs/components/cpwgap.cpp" />
		<Unit filename="qucs/components/cpwgap.h" />
		<Unit filename="qucs/components/cpwopen.cpp" />
		<Unit filename="qucs/components/cpwopen.h" />
		<Unit filename="qucs/components/cpwshort.cpp" />
		<Unit filename="qucs/components/cpwshort.h" />
		<Unit filename="qucs/components/cpwstep.cpp" />
		<Unit filename="qucs/components/cpwstep.h" />
		<Unit filename="qucs/components/ctline.cpp" />
		<Unit filename="qucs/components/ctline.h" />
		<Unit filename="qucs/components/d_flipflop.cpp" />
		<Unit filename="qucs/components/d_flipflop.h" />
		<Unit filename="qucs/components/dc_sim.cpp" />
		<Unit filename="qucs/components/dc_sim.h" />
		<Unit filename="qucs/components/dcblock.cpp" />
		<Unit filename="qucs/components/dcblock.h" />
		<Unit filename="qucs/components/dcfeed.cpp" />
		<Unit filename="qucs/components/dcfeed.h" />
		<Unit filename="qucs/components/dff_SR.cpp" />
		<Unit filename="qucs/components/dff_SR.h" />
		<Unit filename="qucs/components/diac.cpp" />
		<Unit filename="qucs/components/diac.h" />
		<Unit filename="qucs/components/digi_sim.cpp" />
		<Unit filename="qucs/components/digi_sim.h" />
		<Unit filename="qucs/components/digi_source.cpp" />
		<Unit filename="qucs/components/digi_source.h" />
		<Unit filename="qucs/components/diode.cpp" />
		<Unit filename="qucs/components/diode.h" />
		<Unit filename="qucs/components/dmux2to4.cpp" />
		<Unit filename="qucs/components/dmux2to4.h" />
		<Unit filename="qucs/components/dmux3to8.cpp" />
		<Unit filename="qucs/components/dmux3to8.h" />
		<Unit filename="qucs/components/dmux4to16.cpp" />
		<Unit filename="qucs/components/dmux4to16.h" />
		<Unit filename="qucs/components/ecvs.cpp" />
		<Unit filename="qucs/components/ecvs.h" />
		<Unit filename="qucs/components/eqndefined.cpp" />
		<Unit filename="qucs/components/eqndefined.h" />
		<Unit filename="qucs/components/equation.cpp" />
		<Unit filename="qucs/components/equation.h" />
		<Unit filename="qucs/components/etr_sim.cpp" />
		<Unit filename="qucs/components/etr_sim.h" />
		<Unit filename="qucs/components/fa1b.cpp" />
		<Unit filename="qucs/components/fa1b.h" />
		<Unit filename="qucs/components/fa2b.cpp" />
		<Unit filename="qucs/components/fa2b.h" />
		<Unit filename="qucs/components/gatedDlatch.cpp" />
		<Unit filename="qucs/components/gatedDlatch.h" />
		<Unit filename="qucs/components/greytobinary4bit.cpp" />
		<Unit filename="qucs/components/greytobinary4bit.h" />
		<Unit filename="qucs/components/ground.cpp" />
		<Unit filename="qucs/components/ground.h" />
		<Unit filename="qucs/components/gyrator.cpp" />
		<Unit filename="qucs/components/gyrator.h" />
		<Unit filename="qucs/components/ha1b.cpp" />
		<Unit filename="qucs/components/ha1b.h" />
		<Unit filename="qucs/components/hb_sim.cpp" />
		<Unit filename="qucs/components/hb_sim.h" />
		<Unit filename="qucs/components/hic0_full.cpp" />
		<Unit filename="qucs/components/hic0_full.h" />
		<Unit filename="qucs/components/hic2_full.cpp" />
		<Unit filename="qucs/components/hic2_full.h" />
		<Unit filename="qucs/components/hicumL0V1p2.cpp" />
		<Unit filename="qucs/components/hicumL0V1p2.h" />
		<Unit filename="qucs/components/hicumL0V1p2g.cpp" />
		<Unit filename="qucs/components/hicumL0V1p2g.h" />
		<Unit filename="qucs/components/hicumL0V1p3.cpp" />
		<Unit filename="qucs/components/hicumL0V1p3.h" />
		<Unit filename="qucs/components/hicumL2V2p1.cpp" />
		<Unit filename="qucs/components/hicumL2V2p1.h" />
		<Unit filename="qucs/components/hicumL2V2p23.cpp" />
		<Unit filename="qucs/components/hicumL2V2p23.h" />
		<Unit filename="qucs/components/hicumL2V2p24.cpp" />
		<Unit filename="qucs/components/hicumL2V2p24.h" />
		<Unit filename="qucs/components/hicumL2V2p31n.cpp" />
		<Unit filename="qucs/components/hicumL2V2p31n.h" />
		<Unit filename="qucs/components/hpribin4bit.cpp" />
		<Unit filename="qucs/components/hpribin4bit.h" />
		<Unit filename="qucs/components/hybrid.cpp" />
		<Unit filename="qucs/components/hybrid.h" />
		<Unit filename="qucs/components/iexp.cpp" />
		<Unit filename="qucs/components/iexp.h" />
		<Unit filename="qucs/components/ifile.cpp" />
		<Unit filename="qucs/components/ifile.h" />
		<Unit filename="qucs/components/inductor.cpp" />
		<Unit filename="qucs/components/inductor.h" />
		<Unit filename="qucs/components/iprobe.cpp" />
		<Unit filename="qucs/components/iprobe.h" />
		<Unit filename="qucs/components/ipulse.cpp" />
		<Unit filename="qucs/components/ipulse.h" />
		<Unit filename="qucs/components/irect.cpp" />
		<Unit filename="qucs/components/irect.h" />
		<Unit filename="qucs/components/isolator.cpp" />
		<Unit filename="qucs/components/isolator.h" />
		<Unit filename="qucs/components/jfet.cpp" />
		<Unit filename="qucs/components/jfet.h" />
		<Unit filename="qucs/components/jk_flipflop.cpp" />
		<Unit filename="qucs/components/jk_flipflop.h" />
		<Unit filename="qucs/components/jkff_SR.cpp" />
		<Unit filename="qucs/components/jkff_SR.h" />
		<Unit filename="qucs/components/libcomp.cpp" />
		<Unit filename="qucs/components/libcomp.h" />
		<Unit filename="qucs/components/log_amp.cpp" />
		<Unit filename="qucs/components/log_amp.h" />
		<Unit filename="qucs/components/logic_0.cpp" />
		<Unit filename="qucs/components/logic_0.h" />
		<Unit filename="qucs/components/logic_1.cpp" />
		<Unit filename="qucs/components/logic_1.h" />
		<Unit filename="qucs/components/logical_and.cpp" />
		<Unit filename="qucs/components/logical_and.h" />
		<Unit filename="qucs/components/logical_buf.cpp" />
		<Unit filename="qucs/components/logical_buf.h" />
		<Unit filename="qucs/components/logical_inv.cpp" />
		<Unit filename="qucs/components/logical_inv.h" />
		<Unit filename="qucs/components/logical_nand.cpp" />
		<Unit filename="qucs/components/logical_nand.h" />
		<Unit filename="qucs/components/logical_nor.cpp" />
		<Unit filename="qucs/components/logical_nor.h" />
		<Unit filename="qucs/components/logical_or.cpp" />
		<Unit filename="qucs/components/logical_or.h" />
		<Unit filename="qucs/components/logical_xnor.cpp" />
		<Unit filename="qucs/components/logical_xnor.h" />
		<Unit filename="qucs/components/logical_xor.cpp" />
		<Unit filename="qucs/components/logical_xor.h" />
		<Unit filename="qucs/components/mod_amp.cpp" />
		<Unit filename="qucs/components/mod_amp.h" />
		<Unit filename="qucs/components/mosfet.cpp" />
		<Unit filename="qucs/components/mosfet.h" />
		<Unit filename="qucs/components/mosfet_sub.cpp" />
		<Unit filename="qucs/components/mosfet_sub.h" />
		<Unit filename="qucs/components/mscorner.cpp" />
		<Unit filename="qucs/components/mscorner.h" />
		<Unit filename="qucs/components/mscoupled.cpp" />
		<Unit filename="qucs/components/mscoupled.h" />
		<Unit filename="qucs/components/mscross.cpp" />
		<Unit filename="qucs/components/mscross.h" />
		<Unit filename="qucs/components/msgap.cpp" />
		<Unit filename="qucs/components/msgap.h" />
		<Unit filename="qucs/components/mslange.cpp" />
		<Unit filename="qucs/components/mslange.h" />
		<Unit filename="qucs/components/msline.cpp" />
		<Unit filename="qucs/components/msline.h" />
		<Unit filename="qucs/components/msmbend.cpp" />
		<Unit filename="qucs/components/msmbend.h" />
		<Unit filename="qucs/components/msopen.cpp" />
		<Unit filename="qucs/components/msopen.h" />
		<Unit filename="qucs/components/msrstub.cpp" />
		<Unit filename="qucs/components/msrstub.h" />
		<Unit filename="qucs/components/msstep.cpp" />
		<Unit filename="qucs/components/msstep.h" />
		<Unit filename="qucs/components/mstee.cpp" />
		<Unit filename="qucs/components/mstee.h" />
		<Unit filename="qucs/components/msvia.cpp" />
		<Unit filename="qucs/components/msvia.h" />
		<Unit filename="qucs/components/mutual.cpp" />
		<Unit filename="qucs/components/mutual.h" />
		<Unit filename="qucs/components/mutual2.cpp" />
		<Unit filename="qucs/components/mutual2.h" />
		<Unit filename="qucs/components/mux2to1.cpp" />
		<Unit filename="qucs/components/mux2to1.h" />
		<Unit filename="qucs/components/mux4to1.cpp" />
		<Unit filename="qucs/components/mux4to1.h" />
		<Unit filename="qucs/components/mux8to1.cpp" />
		<Unit filename="qucs/components/mux8to1.h" />
		<Unit filename="qucs/components/nigbt.cpp" />
		<Unit filename="qucs/components/nigbt.h" />
		<Unit filename="qucs/components/noise_ii.cpp" />
		<Unit filename="qucs/components/noise_ii.h" />
		<Unit filename="qucs/components/noise_iv.cpp" />
		<Unit filename="qucs/components/noise_iv.h" />
		<Unit filename="qucs/components/noise_vv.cpp" />
		<Unit filename="qucs/components/noise_vv.h" />
		<Unit filename="qucs/components/opamp.cpp" />
		<Unit filename="qucs/components/opamp.h" />
		<Unit filename="qucs/components/opt_sim.cpp" />
		<Unit filename="qucs/components/opt_sim.h" />
		<Unit filename="qucs/components/optimizedialog.cpp" />
		<Unit filename="qucs/components/optimizedialog.h" />
		<Unit filename="qucs/components/optimizedialog.moc.cpp" />
		<Unit filename="qucs/components/pad2bit.cpp" />
		<Unit filename="qucs/components/pad2bit.h" />
		<Unit filename="qucs/components/pad3bit.cpp" />
		<Unit filename="qucs/components/pad3bit.h" />
		<Unit filename="qucs/components/pad4bit.cpp" />
		<Unit filename="qucs/components/pad4bit.h" />
		<Unit filename="qucs/components/param_sweep.cpp" />
		<Unit filename="qucs/components/param_sweep.h" />
		<Unit filename="qucs/components/phaseshifter.cpp" />
		<Unit filename="qucs/components/phaseshifter.h" />
		<Unit filename="qucs/components/photodiode.cpp" />
		<Unit filename="qucs/components/photodiode.h" />
		<Unit filename="qucs/components/phototransistor.cpp" />
		<Unit filename="qucs/components/phototransistor.h" />
		<Unit filename="qucs/components/pm_modulator.cpp" />
		<Unit filename="qucs/components/pm_modulator.h" />
		<Unit filename="qucs/components/potentiometer.cpp" />
		<Unit filename="qucs/components/potentiometer.h" />
		<Unit filename="qucs/components/rectline.cpp" />
		<Unit filename="qucs/components/rectline.h" />
		<Unit filename="qucs/components/relais.cpp" />
		<Unit filename="qucs/components/relais.h" />
		<Unit filename="qucs/components/resistor.cpp" />
		<Unit filename="qucs/components/resistor.h" />
		<Unit filename="qucs/components/rfedd.cpp" />
		<Unit filename="qucs/components/rfedd.h" />
		<Unit filename="qucs/components/rfedd2p.cpp" />
		<Unit filename="qucs/components/rfedd2p.h" />
		<Unit filename="qucs/components/rlcg.cpp" />
		<Unit filename="qucs/components/rlcg.h" />
		<Unit filename="qucs/components/rs_flipflop.cpp" />
		<Unit filename="qucs/components/rs_flipflop.h" />
		<Unit filename="qucs/components/source_ac.cpp" />
		<Unit filename="qucs/components/source_ac.h" />
		<Unit filename="qucs/components/sp_sim.cpp" />
		<Unit filename="qucs/components/sp_sim.h" />
		<Unit filename="qucs/components/sparamfile.cpp" />
		<Unit filename="qucs/components/sparamfile.h" />
		<Unit filename="qucs/components/spicedialog.cpp" />
		<Unit filename="qucs/components/spicedialog.h" />
		<Unit filename="qucs/components/spicedialog.moc.cpp" />
		<Unit filename="qucs/components/spicefile.cpp" />
		<Unit filename="qucs/components/spicefile.h" />
		<Unit filename="qucs/components/spicefile.moc.cpp" />
		<Unit filename="qucs/components/subcircuit.cpp" />
		<Unit filename="qucs/components/subcircuit.h" />
		<Unit filename="qucs/components/subcirport.cpp" />
		<Unit filename="qucs/components/subcirport.h" />
		<Unit filename="qucs/components/substrate.cpp" />
		<Unit filename="qucs/components/substrate.h" />
		<Unit filename="qucs/components/switch.cpp" />
		<Unit filename="qucs/components/switch.h" />
		<Unit filename="qucs/components/symtrafo.cpp" />
		<Unit filename="qucs/components/symtrafo.h" />
		<Unit filename="qucs/components/tff_SR.cpp" />
		<Unit filename="qucs/components/tff_SR.h" />
		<Unit filename="qucs/components/thyristor.cpp" />
		<Unit filename="qucs/components/thyristor.h" />
		<Unit filename="qucs/components/tline.cpp" />
		<Unit filename="qucs/components/tline.h" />
		<Unit filename="qucs/components/tline_4port.cpp" />
		<Unit filename="qucs/components/tline_4port.h" />
		<Unit filename="qucs/components/tr_sim.cpp" />
		<Unit filename="qucs/components/tr_sim.h" />
		<Unit filename="qucs/components/transformer.cpp" />
		<Unit filename="qucs/components/transformer.h" />
		<Unit filename="qucs/components/triac.cpp" />
		<Unit filename="qucs/components/triac.h" />
		<Unit filename="qucs/components/tunneldiode.cpp" />
		<Unit filename="qucs/components/tunneldiode.h" />
		<Unit filename="qucs/components/twistedpair.cpp" />
		<Unit filename="qucs/components/twistedpair.h" />
		<Unit filename="qucs/components/vafile.cpp" />
		<Unit filename="qucs/components/vafile.h" />
		<Unit filename="qucs/components/vccs.cpp" />
		<Unit filename="qucs/components/vccs.h" />
		<Unit filename="qucs/components/vcvs.cpp" />
		<Unit filename="qucs/components/vcvs.h" />
		<Unit filename="qucs/components/verilogfile.cpp" />
		<Unit filename="qucs/components/verilogfile.h" />
		<Unit filename="qucs/components/vexp.cpp" />
		<Unit filename="qucs/components/vexp.h" />
		<Unit filename="qucs/components/vfile.cpp" />
		<Unit filename="qucs/components/vfile.h" />
		<Unit filename="qucs/components/vhdlfile.cpp" />
		<Unit filename="qucs/components/vhdlfile.h" />
		<Unit filename="qucs/components/volt_ac.cpp" />
		<Unit filename="qucs/components/volt_ac.h" />
		<Unit filename="qucs/components/volt_dc.cpp" />
		<Unit filename="qucs/components/volt_dc.h" />
		<Unit filename="qucs/components/volt_noise.cpp" />
		<Unit filename="qucs/components/volt_noise.h" />
		<Unit filename="qucs/components/vprobe.cpp" />
		<Unit filename="qucs/components/vprobe.h" />
		<Unit filename="qucs/components/vpulse.cpp" />
		<Unit filename="qucs/components/vpulse.h" />
		<Unit filename="qucs/components/vrect.cpp" />
		<Unit filename="qucs/components/vrect.h" />
		<Unit filename="qucs/diagrams/Makefile.am" />
		<Unit filename="qucs/diagrams/curvediagram.cpp" />
		<Unit filename="qucs/diagrams/curvediagram.h" />
		<Unit filename="qucs/diagrams/diagram.cpp" />
		<Unit filename="qucs/diagrams/diagram.h" />
		<Unit filename="qucs/diagrams/diagramdialog.cpp" />
		<Unit filename="qucs/diagrams/diagramdialog.h" />
		<Unit filename="qucs/diagrams/diagrams.h" />
		<Unit filename="qucs/diagrams/graph.cpp" />
		<Unit filename="qucs/diagrams/graph.h" />
		<Unit filename="qucs/diagrams/marker.cpp" />
		<Unit filename="qucs/diagrams/marker.h" />
		<Unit filename="qucs/diagrams/markerdialog.cpp" />
		<Unit filename="qucs/diagrams/markerdialog.h" />
		<Unit filename="qucs/diagrams/polardiagram.cpp" />
		<Unit filename="qucs/diagrams/polardiagram.h" />
		<Unit filename="qucs/diagrams/psdiagram.cpp" />
		<Unit filename="qucs/diagrams/psdiagram.h" />
		<Unit filename="qucs/diagrams/rect3ddiagram.cpp" />
		<Unit filename="qucs/diagrams/rect3ddiagram.h" />
		<Unit filename="qucs/diagrams/rectdiagram.cpp" />
		<Unit filename="qucs/diagrams/rectdiagram.h" />
		<Unit filename="qucs/diagrams/smithdiagram.cpp" />
		<Unit filename="qucs/diagrams/smithdiagram.h" />
		<Unit filename="qucs/diagrams/tabdiagram.cpp" />
		<Unit filename="qucs/diagrams/tabdiagram.h" />
		<Unit filename="qucs/diagrams/timingdiagram.cpp" />
		<Unit filename="qucs/diagrams/timingdiagram.h" />
		<Unit filename="qucs/diagrams/truthdiagram.cpp" />
		<Unit filename="qucs/diagrams/truthdiagram.h" />
		<Unit filename="qucs/dialogs/Makefile.am" />
		<Unit filename="qucs/dialogs/changedialog.cpp" />
		<Unit filename="qucs/dialogs/changedialog.h" />
		<Unit filename="qucs/dialogs/digisettingsdialog.cpp" />
		<Unit filename="qucs/dialogs/digisettingsdialog.h" />
		<Unit filename="qucs/dialogs/importdialog.cpp" />
		<Unit filename="qucs/dialogs/importdialog.h" />
		<Unit filename="qucs/dialogs/labeldialog.cpp" />
		<Unit filename="qucs/dialogs/labeldialog.h" />
		<Unit filename="qucs/dialogs/librarydialog.cpp" />
		<Unit filename="qucs/dialogs/librarydialog.h" />
		<Unit filename="qucs/dialogs/matchdialog.cpp" />
		<Unit filename="qucs/dialogs/matchdialog.h" />
		<Unit filename="qucs/dialogs/newprojdialog.cpp" />
		<Unit filename="qucs/dialogs/newprojdialog.h" />
		<Unit filename="qucs/dialogs/packagedialog.cpp" />
		<Unit filename="qucs/dialogs/packagedialog.h" />
		<Unit filename="qucs/dialogs/qucssettingsdialog.cpp" />
		<Unit filename="qucs/dialogs/qucssettingsdialog.h" />
		<Unit filename="qucs/dialogs/savedialog.cpp" />
		<Unit filename="qucs/dialogs/savedialog.h" />
		<Unit filename="qucs/dialogs/searchdialog.cpp" />
		<Unit filename="qucs/dialogs/searchdialog.h" />
		<Unit filename="qucs/dialogs/settingsdialog.cpp" />
		<Unit filename="qucs/dialogs/settingsdialog.h" />
		<Unit filename="qucs/dialogs/simmessage.cpp" />
		<Unit filename="qucs/dialogs/simmessage.h" />
		<Unit filename="qucs/dialogs/sweepdialog.cpp" />
		<Unit filename="qucs/dialogs/sweepdialog.h" />
		<Unit filename="qucs/dialogs/vasettingsdialog.cpp" />
		<Unit filename="qucs/dialogs/vasettingsdialog.h" />
		<Unit filename="qucs/dialogs/vtabbar.cpp" />
		<Unit filename="qucs/dialogs/vtabbar.h" />
		<Unit filename="qucs/dialogs/vtabbeddockwidget.cpp" />
		<Unit filename="qucs/dialogs/vtabbeddockwidget.h" />
		<Unit filename="qucs/dialogs/vtabbutton.cpp" />
		<Unit filename="qucs/dialogs/vtabbutton.h" />
		<Unit filename="qucs/dialogs/vtabglobal.h" />
		<Unit filename="qucs/dialogs/vtabwidget.cpp" />
		<Unit filename="qucs/dialogs/vtabwidget.h" />
		<Unit filename="qucs/element.cpp" />
		<Unit filename="qucs/element.h" />
		<Unit filename="qucs/main.cpp" />
		<Unit filename="qucs/main.h" />
		<Unit filename="qucs/mnemo.cpp" />
		<Unit filename="qucs/mnemo.h" />
		<Unit filename="qucs/module.cpp" />
		<Unit filename="qucs/module.h" />
		<Unit filename="qucs/mouseactions.cpp" />
		<Unit filename="qucs/mouseactions.h" />
		<Unit filename="qucs/node.cpp" />
		<Unit filename="qucs/node.h" />
		<Unit filename="qucs/octave/Makefile.am" />
		<Unit filename="qucs/octave_window.cpp" />
		<Unit filename="qucs/octave_window.h" />
		<Unit filename="qucs/paintings/Makefile.am" />
		<Unit filename="qucs/paintings/arrow.cpp" />
		<Unit filename="qucs/paintings/arrow.h" />
		<Unit filename="qucs/paintings/arrowdialog.cpp" />
		<Unit filename="qucs/paintings/arrowdialog.h" />
		<Unit filename="qucs/paintings/ellipse.cpp" />
		<Unit filename="qucs/paintings/ellipse.h" />
		<Unit filename="qucs/paintings/ellipsearc.cpp" />
		<Unit filename="qucs/paintings/ellipsearc.h" />
		<Unit filename="qucs/paintings/filldialog.cpp" />
		<Unit filename="qucs/paintings/filldialog.h" />
		<Unit filename="qucs/paintings/graphicline.cpp" />
		<Unit filename="qucs/paintings/graphicline.h" />
		<Unit filename="qucs/paintings/graphictext.cpp" />
		<Unit filename="qucs/paintings/graphictext.h" />
		<Unit filename="qucs/paintings/graphictextdialog.cpp" />
		<Unit filename="qucs/paintings/graphictextdialog.h" />
		<Unit filename="qucs/paintings/id_dialog.cpp" />
		<Unit filename="qucs/paintings/id_dialog.h" />
		<Unit filename="qucs/paintings/id_dialog.moc.cpp" />
		<Unit filename="qucs/paintings/id_text.cpp" />
		<Unit filename="qucs/paintings/id_text.h" />
		<Unit filename="qucs/paintings/painting.cpp" />
		<Unit filename="qucs/paintings/painting.h" />
		<Unit filename="qucs/paintings/paintings.h" />
		<Unit filename="qucs/paintings/portsymbol.cpp" />
		<Unit filename="qucs/paintings/portsymbol.h" />
		<Unit filename="qucs/paintings/rectangle.cpp" />
		<Unit filename="qucs/paintings/rectangle.h" />
		<Unit filename="qucs/qucs.cpp" />
		<Unit filename="qucs/qucs.h" />
		<Unit filename="qucs/qucs.qrc" />
		<Unit filename="qucs/qucs_actions.cpp" />
		<Unit filename="qucs/qucs_init.cpp" />
		<Unit filename="qucs/qucsdoc.cpp" />
		<Unit filename="qucs/qucsdoc.h" />
		<Unit filename="qucs/schematic.cpp" />
		<Unit filename="qucs/schematic.h" />
		<Unit filename="qucs/schematic_element.cpp" />
		<Unit filename="qucs/schematic_file.cpp" />
		<Unit filename="qucs/syntax.cpp" />
		<Unit filename="qucs/syntax.h" />
		<Unit filename="qucs/textdoc.cpp" />
		<Unit filename="qucs/textdoc.h" />
		<Unit filename="qucs/viewpainter.cpp" />
		<Unit filename="qucs/viewpainter.h" />
		<Unit filename="qucs/wire.cpp" />
		<Unit filename="qucs/wire.h" />
		<Unit filename="qucs/wirelabel.cpp" />
		<Unit filename="qucs/wirelabel.h" />
		<Extensions>
			<code_completion />
			<debugger>
				<search_path add="/home/richard/src/qucs-git/qucs/qucs" />
			</debugger>
			<envvars />
			<DoxyBlocks>
				<comment_style block="0" line="0" />
				<doxyfile_project />
				<doxyfile_build />
				<doxyfile_warnings />
				<doxyfile_output />
				<doxyfile_dot />
				<general />
			</DoxyBlocks>
		</Extensions>
	</Project>
</CodeBlocks_project_file>
