<?xml version="1.0" encoding="UTF-8" standalone="yes" ?>
<CodeBlocks_project_file>
	<FileVersion major="1" minor="6" />
	<Project>
		<Option title="libqucs-core" />
		<Option compiler="gcc" />
		<Build>
			<Target title="Library">
				<Option output="qucs-core" prefix_auto="1" extension_auto="1" />
				<Option working_dir="" />
				<Option type="2" />
				<Option compiler="gcc" />
				<Option createDefFile="1" />
				<Compiler>
					<Add option="-g" />
					<Add option="-fPIC" />
					<Add option="-DDEBUG" />
				</Compiler>
			</Target>
			<Target title="Debug">
				<Option output="bin/Debug/qucs-core" prefix_auto="1" extension_auto="1" />
				<Option object_output="obj/Debug/" />
				<Option type="1" />
				<Option compiler="gcc" />
				<Compiler>
					<Add option="-g" />
				</Compiler>
			</Target>
			<Target title="Release">
				<Option output="bin/Release/qucs-core" prefix_auto="1" extension_auto="1" />
				<Option object_output="obj/Release/" />
				<Option type="1" />
				<Option compiler="gcc" />
				<Compiler>
					<Add option="-O2" />
				</Compiler>
				<Linker>
					<Add option="-s" />
				</Linker>
			</Target>
		</Build>
		<Compiler>
			<Add option="-Wall" />
			<Add option="-DHAVE_CONFIG_H" />
			<Add directory="/home/s0237326/src/qucs/qucs-core/" />
			<Add directory="/home/s0237326/src/qucs/qucs-core/src/" />
			<Add directory="/home/s0237326/src/qucs/qucs-core/src/components/" />
			<Add directory="/home/s0237326/src/qucs/qucs-core/src/components/devices/" />
			<Add directory="/home/s0237326/src/qucs/qucs-core/src/components/digital/" />
			<Add directory="/home/s0237326/src/qucs/qucs-core/src/components/microstrip/" />
			<Add directory="/home/s0237326/src/qucs/qucs-core/src/components/verilog/" />
			<Add directory="/home/s0237326/src/qucs/qucs-core/src/math/" />
			<Add directory="/home/s0237326/src/qucs/qucs-core/src/interface/" />
		</Compiler>
		<Linker>
			<Add directory="/home/s0237326/src/qucs/qucs-core/" />
			<Add directory="/home/s0237326/src/qucs/qucs-core/src/" />
			<Add directory="/home/s0237326/src/qucs/qucs-core/src/components/" />
			<Add directory="/home/s0237326/src/qucs/qucs-core/src/components/devices/" />
			<Add directory="/home/s0237326/src/qucs/qucs-core/src/components/digital/" />
			<Add directory="/home/s0237326/src/qucs/qucs-core/src/components/microstrip/" />
			<Add directory="/home/s0237326/src/qucs/qucs-core/src/components/verilog/" />
			<Add directory="/home/s0237326/src/qucs/qucs-core/src/math/" />
			<Add directory="/home/s0237326/src/qucs/qucs-core/src/interface/" />
		</Linker>
		<Unit filename="Makefile.am">
			<Option target="Debug" />
			<Option target="Release" />
		</Unit>
		<Unit filename="configure.ac">
			<Option target="Debug" />
			<Option target="Release" />
		</Unit>
		<Unit filename="doc/Makefile.am">
			<Option target="Debug" />
			<Option target="Release" />
		</Unit>
		<Unit filename="src/Makefile.am">
			<Option target="Debug" />
			<Option target="Release" />
		</Unit>
		<Unit filename="src/acsolver.cpp" />
		<Unit filename="src/acsolver.h" />
		<Unit filename="src/analyses.h" />
		<Unit filename="src/analysis.cpp" />
		<Unit filename="src/analysis.h" />
		<Unit filename="src/applications.h" />
		<Unit filename="src/characteristic.cpp" />
		<Unit filename="src/characteristic.h" />
		<Unit filename="src/check_citi.cpp" />
		<Unit filename="src/check_citi.h" />
		<Unit filename="src/check_csv.cpp" />
		<Unit filename="src/check_csv.h" />
		<Unit filename="src/check_dataset.cpp" />
		<Unit filename="src/check_dataset.h" />
		<Unit filename="src/check_mdl.cpp" />
		<Unit filename="src/check_mdl.h" />
		<Unit filename="src/check_netlist.cpp" />
		<Unit filename="src/check_netlist.h" />
		<Unit filename="src/check_touchstone.cpp" />
		<Unit filename="src/check_touchstone.h" />
		<Unit filename="src/check_zvr.cpp" />
		<Unit filename="src/check_zvr.h" />
		<Unit filename="src/circuit.cpp" />
		<Unit filename="src/circuit.h" />
		<Unit filename="src/compat.h" />
		<Unit filename="src/components/Makefile.am">
			<Option target="Debug" />
			<Option target="Release" />
		</Unit>
		<Unit filename="src/components/amplifier.cpp" />
		<Unit filename="src/components/amplifier.h" />
		<Unit filename="src/components/attenuator.cpp" />
		<Unit filename="src/components/attenuator.h" />
		<Unit filename="src/components/biastee.cpp" />
		<Unit filename="src/components/biastee.h" />
		<Unit filename="src/components/capacitor.cpp" />
		<Unit filename="src/components/capacitor.h" />
		<Unit filename="src/components/cccs.cpp" />
		<Unit filename="src/components/cccs.h" />
		<Unit filename="src/components/ccvs.cpp" />
		<Unit filename="src/components/ccvs.h" />
		<Unit filename="src/components/circulator.cpp" />
		<Unit filename="src/components/circulator.h" />
		<Unit filename="src/components/coaxline.cpp" />
		<Unit filename="src/components/coaxline.h" />
		<Unit filename="src/components/component.h" />
		<Unit filename="src/components/component_id.h" />
		<Unit filename="src/components/components.h" />
		<Unit filename="src/components/coupler.cpp" />
		<Unit filename="src/components/coupler.h" />
		<Unit filename="src/components/cross.cpp" />
		<Unit filename="src/components/cross.h" />
		<Unit filename="src/components/ctline.cpp" />
		<Unit filename="src/components/ctline.h" />
		<Unit filename="src/components/dcblock.cpp" />
		<Unit filename="src/components/dcblock.h" />
		<Unit filename="src/components/dcfeed.cpp" />
		<Unit filename="src/components/dcfeed.h" />
		<Unit filename="src/components/devices/Makefile.am">
			<Option target="Debug" />
			<Option target="Release" />
		</Unit>
		<Unit filename="src/components/devices/bjt.cpp" />
		<Unit filename="src/components/devices/bjt.h" />
		<Unit filename="src/components/devices/device.cpp" />
		<Unit filename="src/components/devices/device.h" />
		<Unit filename="src/components/devices/diac.cpp" />
		<Unit filename="src/components/devices/diac.h" />
		<Unit filename="src/components/devices/diode.cpp" />
		<Unit filename="src/components/devices/diode.h" />
		<Unit filename="src/components/devices/eqndefined.cpp" />
		<Unit filename="src/components/devices/eqndefined.h" />
		<Unit filename="src/components/devices/jfet.cpp" />
		<Unit filename="src/components/devices/jfet.h" />
		<Unit filename="src/components/devices/mosfet.cpp" />
		<Unit filename="src/components/devices/mosfet.h" />
		<Unit filename="src/components/devices/thyristor.cpp" />
		<Unit filename="src/components/devices/thyristor.h" />
		<Unit filename="src/components/devices/triac.cpp" />
		<Unit filename="src/components/devices/triac.h" />
		<Unit filename="src/components/devices/tunneldiode.cpp" />
		<Unit filename="src/components/devices/tunneldiode.h" />
		<Unit filename="src/components/digital/Makefile.am">
			<Option target="Debug" />
			<Option target="Release" />
		</Unit>
		<Unit filename="src/components/digital/and.cpp" />
		<Unit filename="src/components/digital/and.h" />
		<Unit filename="src/components/digital/buffer.cpp" />
		<Unit filename="src/components/digital/buffer.h" />
		<Unit filename="src/components/digital/digisource.cpp" />
		<Unit filename="src/components/digital/digisource.h" />
		<Unit filename="src/components/digital/digital.cpp" />
		<Unit filename="src/components/digital/digital.h" />
		<Unit filename="src/components/digital/inverter.cpp" />
		<Unit filename="src/components/digital/inverter.h" />
		<Unit filename="src/components/digital/nand.cpp" />
		<Unit filename="src/components/digital/nand.h" />
		<Unit filename="src/components/digital/nor.cpp" />
		<Unit filename="src/components/digital/nor.h" />
		<Unit filename="src/components/digital/or.cpp" />
		<Unit filename="src/components/digital/or.h" />
		<Unit filename="src/components/digital/xnor.cpp" />
		<Unit filename="src/components/digital/xnor.h" />
		<Unit filename="src/components/digital/xor.cpp" />
		<Unit filename="src/components/digital/xor.h" />
		<Unit filename="src/components/ground.cpp" />
		<Unit filename="src/components/ground.h" />
		<Unit filename="src/components/gyrator.cpp" />
		<Unit filename="src/components/gyrator.h" />
		<Unit filename="src/components/hybrid.cpp" />
		<Unit filename="src/components/hybrid.h" />
		<Unit filename="src/components/iac.cpp" />
		<Unit filename="src/components/iac.h" />
		<Unit filename="src/components/idc.cpp" />
		<Unit filename="src/components/idc.h" />
		<Unit filename="src/components/iexp.cpp" />
		<Unit filename="src/components/iexp.h" />
		<Unit filename="src/components/ifile.cpp" />
		<Unit filename="src/components/ifile.h" />
		<Unit filename="src/components/iinoise.cpp" />
		<Unit filename="src/components/iinoise.h" />
		<Unit filename="src/components/inductor.cpp" />
		<Unit filename="src/components/inductor.h" />
		<Unit filename="src/components/inoise.cpp" />
		<Unit filename="src/components/inoise.h" />
		<Unit filename="src/components/iprobe.cpp" />
		<Unit filename="src/components/iprobe.h" />
		<Unit filename="src/components/ipulse.cpp" />
		<Unit filename="src/components/ipulse.h" />
		<Unit filename="src/components/irect.cpp" />
		<Unit filename="src/components/irect.h" />
		<Unit filename="src/components/isolator.cpp" />
		<Unit filename="src/components/isolator.h" />
		<Unit filename="src/components/itrafo.cpp" />
		<Unit filename="src/components/itrafo.h" />
		<Unit filename="src/components/ivnoise.cpp" />
		<Unit filename="src/components/ivnoise.h" />
		<Unit filename="src/components/microstrip/Makefile.am" />
		<Unit filename="src/components/microstrip/bondwire.cpp" />
		<Unit filename="src/components/microstrip/bondwire.h" />
		<Unit filename="src/components/microstrip/cpwgap.cpp" />
		<Unit filename="src/components/microstrip/cpwgap.h" />
		<Unit filename="src/components/microstrip/cpwline.cpp" />
		<Unit filename="src/components/microstrip/cpwline.h" />
		<Unit filename="src/components/microstrip/cpwopen.cpp" />
		<Unit filename="src/components/microstrip/cpwopen.h" />
		<Unit filename="src/components/microstrip/cpwshort.cpp" />
		<Unit filename="src/components/microstrip/cpwshort.h" />
		<Unit filename="src/components/microstrip/cpwstep.cpp" />
		<Unit filename="src/components/microstrip/cpwstep.h" />
		<Unit filename="src/components/microstrip/mscorner.cpp" />
		<Unit filename="src/components/microstrip/mscorner.h" />
		<Unit filename="src/components/microstrip/mscoupled.cpp" />
		<Unit filename="src/components/microstrip/mscoupled.h" />
		<Unit filename="src/components/microstrip/mscross.cpp" />
		<Unit filename="src/components/microstrip/mscross.h" />
		<Unit filename="src/components/microstrip/msgap.cpp" />
		<Unit filename="src/components/microstrip/msgap.h" />
		<Unit filename="src/components/microstrip/mslange.cpp" />
		<Unit filename="src/components/microstrip/mslange.h" />
		<Unit filename="src/components/microstrip/msline.cpp" />
		<Unit filename="src/components/microstrip/msline.h" />
		<Unit filename="src/components/microstrip/msmbend.cpp" />
		<Unit filename="src/components/microstrip/msmbend.h" />
		<Unit filename="src/components/microstrip/msopen.cpp" />
		<Unit filename="src/components/microstrip/msopen.h" />
		<Unit filename="src/components/microstrip/msrstub.cpp" />
		<Unit filename="src/components/microstrip/msrstub.h" />
		<Unit filename="src/components/microstrip/msstep.cpp" />
		<Unit filename="src/components/microstrip/msstep.h" />
		<Unit filename="src/components/microstrip/mstee.cpp" />
		<Unit filename="src/components/microstrip/mstee.h" />
		<Unit filename="src/components/microstrip/msvia.cpp" />
		<Unit filename="src/components/microstrip/msvia.h" />
		<Unit filename="src/components/microstrip/substrate.cpp" />
		<Unit filename="src/components/microstrip/substrate.h" />
		<Unit filename="src/components/mutual.cpp" />
		<Unit filename="src/components/mutual.h" />
		<Unit filename="src/components/mutual2.cpp" />
		<Unit filename="src/components/mutual2.h" />
		<Unit filename="src/components/mutualx.cpp" />
		<Unit filename="src/components/mutualx.h" />
		<Unit filename="src/components/opamp.cpp" />
		<Unit filename="src/components/opamp.h" />
		<Unit filename="src/components/open.cpp" />
		<Unit filename="src/components/open.h" />
		<Unit filename="src/components/pac.cpp" />
		<Unit filename="src/components/pac.h" />
		<Unit filename="src/components/phaseshifter.cpp" />
		<Unit filename="src/components/phaseshifter.h" />
		<Unit filename="src/components/rectline.cpp" />
		<Unit filename="src/components/rectline.h" />
		<Unit filename="src/components/relais.cpp" />
		<Unit filename="src/components/relais.h" />
		<Unit filename="src/components/resistor.cpp" />
		<Unit filename="src/components/resistor.h" />
		<Unit filename="src/components/rfedd.cpp" />
		<Unit filename="src/components/rfedd.h" />
		<Unit filename="src/components/rlcg.cpp" />
		<Unit filename="src/components/rlcg.h" />
		<Unit filename="src/components/short.cpp" />
		<Unit filename="src/components/short.h" />
		<Unit filename="src/components/spfile.cpp" />
		<Unit filename="src/components/spfile.h" />
		<Unit filename="src/components/strafo.cpp" />
		<Unit filename="src/components/strafo.h" />
		<Unit filename="src/components/tee.cpp" />
		<Unit filename="src/components/tee.h" />
		<Unit filename="src/components/tline.cpp" />
		<Unit filename="src/components/tline.h" />
		<Unit filename="src/components/tline4p.cpp" />
		<Unit filename="src/components/tline4p.h" />
		<Unit filename="src/components/trafo.cpp" />
		<Unit filename="src/components/trafo.h" />
		<Unit filename="src/components/tswitch.cpp" />
		<Unit filename="src/components/tswitch.h" />
		<Unit filename="src/components/twistedpair.cpp" />
		<Unit filename="src/components/twistedpair.h" />
		<Unit filename="src/components/vac.cpp" />
		<Unit filename="src/components/vac.h" />
		<Unit filename="src/components/vam.cpp" />
		<Unit filename="src/components/vam.h" />
		<Unit filename="src/components/vccs.cpp" />
		<Unit filename="src/components/vccs.h" />
		<Unit filename="src/components/vcvs.cpp" />
		<Unit filename="src/components/vcvs.h" />
		<Unit filename="src/components/vdc.cpp" />
		<Unit filename="src/components/vdc.h" />
		<Unit filename="src/components/verilog/DLS_1ton.analogfunction.cpp" />
		<Unit filename="src/components/verilog/DLS_1ton.analogfunction.h" />
		<Unit filename="src/components/verilog/DLS_1ton.core.cpp" />
		<Unit filename="src/components/verilog/DLS_1ton.core.h" />
		<Unit filename="src/components/verilog/DLS_1ton.defs.h" />
		<Unit filename="src/components/verilog/DLS_nto1.analogfunction.cpp" />
		<Unit filename="src/components/verilog/DLS_nto1.analogfunction.h" />
		<Unit filename="src/components/verilog/DLS_nto1.core.cpp" />
		<Unit filename="src/components/verilog/DLS_nto1.core.h" />
		<Unit filename="src/components/verilog/DLS_nto1.defs.h" />
		<Unit filename="src/components/verilog/EKV26MOS.analogfunction.cpp" />
		<Unit filename="src/components/verilog/EKV26MOS.analogfunction.h" />
		<Unit filename="src/components/verilog/EKV26MOS.core.cpp" />
		<Unit filename="src/components/verilog/EKV26MOS.core.h" />
		<Unit filename="src/components/verilog/EKV26MOS.defs.h" />
		<Unit filename="src/components/verilog/HBT_X.analogfunction.cpp" />
		<Unit filename="src/components/verilog/HBT_X.analogfunction.h" />
		<Unit filename="src/components/verilog/HBT_X.core.cpp" />
		<Unit filename="src/components/verilog/HBT_X.core.h" />
		<Unit filename="src/components/verilog/HBT_X.defs.h" />
		<Unit filename="src/components/verilog/MESFET.analogfunction.cpp" />
		<Unit filename="src/components/verilog/MESFET.analogfunction.h" />
		<Unit filename="src/components/verilog/MESFET.core.cpp" />
		<Unit filename="src/components/verilog/MESFET.core.h" />
		<Unit filename="src/components/verilog/MESFET.defs.h" />
		<Unit filename="src/components/verilog/Makefile.am" />
		<Unit filename="src/components/verilog/andor4x2.analogfunction.cpp" />
		<Unit filename="src/components/verilog/andor4x2.analogfunction.h" />
		<Unit filename="src/components/verilog/andor4x2.core.cpp" />
		<Unit filename="src/components/verilog/andor4x2.core.h" />
		<Unit filename="src/components/verilog/andor4x2.defs.h" />
		<Unit filename="src/components/verilog/andor4x3.analogfunction.cpp" />
		<Unit filename="src/components/verilog/andor4x3.analogfunction.h" />
		<Unit filename="src/components/verilog/andor4x3.core.cpp" />
		<Unit filename="src/components/verilog/andor4x3.core.h" />
		<Unit filename="src/components/verilog/andor4x3.defs.h" />
		<Unit filename="src/components/verilog/andor4x4.analogfunction.cpp" />
		<Unit filename="src/components/verilog/andor4x4.analogfunction.h" />
		<Unit filename="src/components/verilog/andor4x4.core.cpp" />
		<Unit filename="src/components/verilog/andor4x4.core.h" />
		<Unit filename="src/components/verilog/andor4x4.defs.h" />
		<Unit filename="src/components/verilog/binarytogrey4bit.analogfunction.cpp" />
		<Unit filename="src/components/verilog/binarytogrey4bit.analogfunction.h" />
		<Unit filename="src/components/verilog/binarytogrey4bit.core.cpp" />
		<Unit filename="src/components/verilog/binarytogrey4bit.core.h" />
		<Unit filename="src/components/verilog/binarytogrey4bit.defs.h" />
		<Unit filename="src/components/verilog/bsim3v34nMOS.analogfunction.cpp" />
		<Unit filename="src/components/verilog/bsim3v34nMOS.analogfunction.h" />
		<Unit filename="src/components/verilog/bsim3v34nMOS.core.cpp" />
		<Unit filename="src/components/verilog/bsim3v34nMOS.core.h" />
		<Unit filename="src/components/verilog/bsim3v34nMOS.defs.h" />
		<Unit filename="src/components/verilog/bsim3v34pMOS.analogfunction.cpp" />
		<Unit filename="src/components/verilog/bsim3v34pMOS.analogfunction.h" />
		<Unit filename="src/components/verilog/bsim3v34pMOS.core.cpp" />
		<Unit filename="src/components/verilog/bsim3v34pMOS.core.h" />
		<Unit filename="src/components/verilog/bsim3v34pMOS.defs.h" />
		<Unit filename="src/components/verilog/bsim4v30nMOS.analogfunction.cpp" />
		<Unit filename="src/components/verilog/bsim4v30nMOS.analogfunction.h" />
		<Unit filename="src/components/verilog/bsim4v30nMOS.core.cpp" />
		<Unit filename="src/components/verilog/bsim4v30nMOS.core.h" />
		<Unit filename="src/components/verilog/bsim4v30nMOS.defs.h" />
		<Unit filename="src/components/verilog/bsim4v30pMOS.analogfunction.cpp" />
		<Unit filename="src/components/verilog/bsim4v30pMOS.analogfunction.h" />
		<Unit filename="src/components/verilog/bsim4v30pMOS.core.cpp" />
		<Unit filename="src/components/verilog/bsim4v30pMOS.core.h" />
		<Unit filename="src/components/verilog/bsim4v30pMOS.defs.h" />
		<Unit filename="src/components/verilog/comp_1bit.analogfunction.cpp" />
		<Unit filename="src/components/verilog/comp_1bit.analogfunction.h" />
		<Unit filename="src/components/verilog/comp_1bit.core.cpp" />
		<Unit filename="src/components/verilog/comp_1bit.core.h" />
		<Unit filename="src/components/verilog/comp_1bit.defs.h" />
		<Unit filename="src/components/verilog/comp_2bit.analogfunction.cpp" />
		<Unit filename="src/components/verilog/comp_2bit.analogfunction.h" />
		<Unit filename="src/components/verilog/comp_2bit.core.cpp" />
		<Unit filename="src/components/verilog/comp_2bit.core.h" />
		<Unit filename="src/components/verilog/comp_2bit.defs.h" />
		<Unit filename="src/components/verilog/comp_4bit.analogfunction.cpp" />
		<Unit filename="src/components/verilog/comp_4bit.analogfunction.h" />
		<Unit filename="src/components/verilog/comp_4bit.core.cpp" />
		<Unit filename="src/components/verilog/comp_4bit.core.h" />
		<Unit filename="src/components/verilog/comp_4bit.defs.h" />
		<Unit filename="src/components/verilog/dff_SR.analogfunction.cpp" />
		<Unit filename="src/components/verilog/dff_SR.analogfunction.h" />
		<Unit filename="src/components/verilog/dff_SR.core.cpp" />
		<Unit filename="src/components/verilog/dff_SR.core.h" />
		<Unit filename="src/components/verilog/dff_SR.defs.h" />
		<Unit filename="src/components/verilog/dmux2to4.analogfunction.cpp" />
		<Unit filename="src/components/verilog/dmux2to4.analogfunction.h" />
		<Unit filename="src/components/verilog/dmux2to4.core.cpp" />
		<Unit filename="src/components/verilog/dmux2to4.core.h" />
		<Unit filename="src/components/verilog/dmux2to4.defs.h" />
		<Unit filename="src/components/verilog/dmux3to8.analogfunction.cpp" />
		<Unit filename="src/components/verilog/dmux3to8.analogfunction.h" />
		<Unit filename="src/components/verilog/dmux3to8.core.cpp" />
		<Unit filename="src/components/verilog/dmux3to8.core.h" />
		<Unit filename="src/components/verilog/dmux3to8.defs.h" />
		<Unit filename="src/components/verilog/dmux4to16.analogfunction.cpp" />
		<Unit filename="src/components/verilog/dmux4to16.analogfunction.h" />
		<Unit filename="src/components/verilog/dmux4to16.core.cpp" />
		<Unit filename="src/components/verilog/dmux4to16.core.h" />
		<Unit filename="src/components/verilog/dmux4to16.defs.h" />
		<Unit filename="src/components/verilog/fa1b.analogfunction.cpp" />
		<Unit filename="src/components/verilog/fa1b.analogfunction.h" />
		<Unit filename="src/components/verilog/fa1b.core.cpp" />
		<Unit filename="src/components/verilog/fa1b.core.h" />
		<Unit filename="src/components/verilog/fa1b.defs.h" />
		<Unit filename="src/components/verilog/fa2b.analogfunction.cpp" />
		<Unit filename="src/components/verilog/fa2b.analogfunction.h" />
		<Unit filename="src/components/verilog/fa2b.core.cpp" />
		<Unit filename="src/components/verilog/fa2b.core.h" />
		<Unit filename="src/components/verilog/fa2b.defs.h" />
		<Unit filename="src/components/verilog/gatedDlatch.analogfunction.cpp" />
		<Unit filename="src/components/verilog/gatedDlatch.analogfunction.h" />
		<Unit filename="src/components/verilog/gatedDlatch.core.cpp" />
		<Unit filename="src/components/verilog/gatedDlatch.core.h" />
		<Unit filename="src/components/verilog/gatedDlatch.defs.h" />
		<Unit filename="src/components/verilog/greytobinary4bit.analogfunction.cpp" />
		<Unit filename="src/components/verilog/greytobinary4bit.analogfunction.h" />
		<Unit filename="src/components/verilog/greytobinary4bit.core.cpp" />
		<Unit filename="src/components/verilog/greytobinary4bit.core.h" />
		<Unit filename="src/components/verilog/greytobinary4bit.defs.h" />
		<Unit filename="src/components/verilog/ha1b.analogfunction.cpp" />
		<Unit filename="src/components/verilog/ha1b.analogfunction.h" />
		<Unit filename="src/components/verilog/ha1b.core.cpp" />
		<Unit filename="src/components/verilog/ha1b.core.h" />
		<Unit filename="src/components/verilog/ha1b.defs.h" />
		<Unit filename="src/components/verilog/hic0_full.analogfunction.cpp" />
		<Unit filename="src/components/verilog/hic0_full.analogfunction.h" />
		<Unit filename="src/components/verilog/hic0_full.core.cpp" />
		<Unit filename="src/components/verilog/hic0_full.core.h" />
		<Unit filename="src/components/verilog/hic0_full.defs.h" />
		<Unit filename="src/components/verilog/hic2_full.analogfunction.cpp" />
		<Unit filename="src/components/verilog/hic2_full.analogfunction.h" />
		<Unit filename="src/components/verilog/hic2_full.core.cpp" />
		<Unit filename="src/components/verilog/hic2_full.core.h" />
		<Unit filename="src/components/verilog/hic2_full.defs.h" />
		<Unit filename="src/components/verilog/hicumL0V1p2.analogfunction.cpp" />
		<Unit filename="src/components/verilog/hicumL0V1p2.analogfunction.h" />
		<Unit filename="src/components/verilog/hicumL0V1p2.core.cpp" />
		<Unit filename="src/components/verilog/hicumL0V1p2.core.h" />
		<Unit filename="src/components/verilog/hicumL0V1p2.defs.h" />
		<Unit filename="src/components/verilog/hicumL0V1p2g.analogfunction.cpp" />
		<Unit filename="src/components/verilog/hicumL0V1p2g.analogfunction.h" />
		<Unit filename="src/components/verilog/hicumL0V1p2g.core.cpp" />
		<Unit filename="src/components/verilog/hicumL0V1p2g.core.h" />
		<Unit filename="src/components/verilog/hicumL0V1p2g.defs.h" />
		<Unit filename="src/components/verilog/hicumL0V1p3.analogfunction.cpp" />
		<Unit filename="src/components/verilog/hicumL0V1p3.analogfunction.h" />
		<Unit filename="src/components/verilog/hicumL0V1p3.core.cpp" />
		<Unit filename="src/components/verilog/hicumL0V1p3.core.h" />
		<Unit filename="src/components/verilog/hicumL0V1p3.defs.h" />
		<Unit filename="src/components/verilog/hicumL2V2p1.analogfunction.cpp" />
		<Unit filename="src/components/verilog/hicumL2V2p1.analogfunction.h" />
		<Unit filename="src/components/verilog/hicumL2V2p1.core.cpp" />
		<Unit filename="src/components/verilog/hicumL2V2p1.core.h" />
		<Unit filename="src/components/verilog/hicumL2V2p1.defs.h" />
		<Unit filename="src/components/verilog/hicumL2V2p23.analogfunction.cpp" />
		<Unit filename="src/components/verilog/hicumL2V2p23.analogfunction.h" />
		<Unit filename="src/components/verilog/hicumL2V2p23.core.cpp" />
		<Unit filename="src/components/verilog/hicumL2V2p23.core.h" />
		<Unit filename="src/components/verilog/hicumL2V2p23.defs.h" />
		<Unit filename="src/components/verilog/hicumL2V2p24.analogfunction.cpp" />
		<Unit filename="src/components/verilog/hicumL2V2p24.analogfunction.h" />
		<Unit filename="src/components/verilog/hicumL2V2p24.core.cpp" />
		<Unit filename="src/components/verilog/hicumL2V2p24.core.h" />
		<Unit filename="src/components/verilog/hicumL2V2p24.defs.h" />
		<Unit filename="src/components/verilog/hicumL2V2p31n.analogfunction.cpp" />
		<Unit filename="src/components/verilog/hicumL2V2p31n.analogfunction.h" />
		<Unit filename="src/components/verilog/hicumL2V2p31n.core.cpp" />
		<Unit filename="src/components/verilog/hicumL2V2p31n.core.h" />
		<Unit filename="src/components/verilog/hicumL2V2p31n.defs.h" />
		<Unit filename="src/components/verilog/hpribin4bit.analogfunction.cpp" />
		<Unit filename="src/components/verilog/hpribin4bit.analogfunction.h" />
		<Unit filename="src/components/verilog/hpribin4bit.core.cpp" />
		<Unit filename="src/components/verilog/hpribin4bit.core.h" />
		<Unit filename="src/components/verilog/hpribin4bit.defs.h" />
		<Unit filename="src/components/verilog/jkff_SR.analogfunction.cpp" />
		<Unit filename="src/components/verilog/jkff_SR.analogfunction.h" />
		<Unit filename="src/components/verilog/jkff_SR.core.cpp" />
		<Unit filename="src/components/verilog/jkff_SR.core.h" />
		<Unit filename="src/components/verilog/jkff_SR.defs.h" />
		<Unit filename="src/components/verilog/log_amp.analogfunction.cpp" />
		<Unit filename="src/components/verilog/log_amp.analogfunction.h" />
		<Unit filename="src/components/verilog/log_amp.core.cpp" />
		<Unit filename="src/components/verilog/log_amp.core.h" />
		<Unit filename="src/components/verilog/log_amp.defs.h" />
		<Unit filename="src/components/verilog/logic_0.analogfunction.cpp" />
		<Unit filename="src/components/verilog/logic_0.analogfunction.h" />
		<Unit filename="src/components/verilog/logic_0.core.cpp" />
		<Unit filename="src/components/verilog/logic_0.core.h" />
		<Unit filename="src/components/verilog/logic_0.defs.h" />
		<Unit filename="src/components/verilog/logic_1.analogfunction.cpp" />
		<Unit filename="src/components/verilog/logic_1.analogfunction.h" />
		<Unit filename="src/components/verilog/logic_1.core.cpp" />
		<Unit filename="src/components/verilog/logic_1.core.h" />
		<Unit filename="src/components/verilog/logic_1.defs.h" />
		<Unit filename="src/components/verilog/mod_amp.analogfunction.cpp" />
		<Unit filename="src/components/verilog/mod_amp.analogfunction.h" />
		<Unit filename="src/components/verilog/mod_amp.core.cpp" />
		<Unit filename="src/components/verilog/mod_amp.core.h" />
		<Unit filename="src/components/verilog/mod_amp.defs.h" />
		<Unit filename="src/components/verilog/mux2to1.analogfunction.cpp" />
		<Unit filename="src/components/verilog/mux2to1.analogfunction.h" />
		<Unit filename="src/components/verilog/mux2to1.core.cpp" />
		<Unit filename="src/components/verilog/mux2to1.core.h" />
		<Unit filename="src/components/verilog/mux2to1.defs.h" />
		<Unit filename="src/components/verilog/mux4to1.analogfunction.cpp" />
		<Unit filename="src/components/verilog/mux4to1.analogfunction.h" />
		<Unit filename="src/components/verilog/mux4to1.core.cpp" />
		<Unit filename="src/components/verilog/mux4to1.core.h" />
		<Unit filename="src/components/verilog/mux4to1.defs.h" />
		<Unit filename="src/components/verilog/mux8to1.analogfunction.cpp" />
		<Unit filename="src/components/verilog/mux8to1.analogfunction.h" />
		<Unit filename="src/components/verilog/mux8to1.core.cpp" />
		<Unit filename="src/components/verilog/mux8to1.core.h" />
		<Unit filename="src/components/verilog/mux8to1.defs.h" />
		<Unit filename="src/components/verilog/nigbt.analogfunction.cpp" />
		<Unit filename="src/components/verilog/nigbt.analogfunction.h" />
		<Unit filename="src/components/verilog/nigbt.core.cpp" />
		<Unit filename="src/components/verilog/nigbt.core.h" />
		<Unit filename="src/components/verilog/nigbt.defs.h" />
		<Unit filename="src/components/verilog/pad2bit.analogfunction.cpp" />
		<Unit filename="src/components/verilog/pad2bit.analogfunction.h" />
		<Unit filename="src/components/verilog/pad2bit.core.cpp" />
		<Unit filename="src/components/verilog/pad2bit.core.h" />
		<Unit filename="src/components/verilog/pad2bit.defs.h" />
		<Unit filename="src/components/verilog/pad3bit.analogfunction.cpp" />
		<Unit filename="src/components/verilog/pad3bit.analogfunction.h" />
		<Unit filename="src/components/verilog/pad3bit.core.cpp" />
		<Unit filename="src/components/verilog/pad3bit.core.h" />
		<Unit filename="src/components/verilog/pad3bit.defs.h" />
		<Unit filename="src/components/verilog/pad4bit.analogfunction.cpp" />
		<Unit filename="src/components/verilog/pad4bit.analogfunction.h" />
		<Unit filename="src/components/verilog/pad4bit.core.cpp" />
		<Unit filename="src/components/verilog/pad4bit.core.h" />
		<Unit filename="src/components/verilog/pad4bit.defs.h" />
		<Unit filename="src/components/verilog/photodiode.analogfunction.cpp" />
		<Unit filename="src/components/verilog/photodiode.analogfunction.h" />
		<Unit filename="src/components/verilog/photodiode.core.cpp" />
		<Unit filename="src/components/verilog/photodiode.core.h" />
		<Unit filename="src/components/verilog/photodiode.defs.h" />
		<Unit filename="src/components/verilog/phototransistor.analogfunction.cpp" />
		<Unit filename="src/components/verilog/phototransistor.analogfunction.h" />
		<Unit filename="src/components/verilog/phototransistor.core.cpp" />
		<Unit filename="src/components/verilog/phototransistor.core.h" />
		<Unit filename="src/components/verilog/phototransistor.defs.h" />
		<Unit filename="src/components/verilog/potentiometer.analogfunction.cpp" />
		<Unit filename="src/components/verilog/potentiometer.analogfunction.h" />
		<Unit filename="src/components/verilog/potentiometer.core.cpp" />
		<Unit filename="src/components/verilog/potentiometer.core.h" />
		<Unit filename="src/components/verilog/potentiometer.defs.h" />
		<Unit filename="src/components/verilog/tff_SR.analogfunction.cpp" />
		<Unit filename="src/components/verilog/tff_SR.analogfunction.h" />
		<Unit filename="src/components/verilog/tff_SR.core.cpp" />
		<Unit filename="src/components/verilog/tff_SR.core.h" />
		<Unit filename="src/components/verilog/tff_SR.defs.h" />
		<Unit filename="src/components/vexp.cpp" />
		<Unit filename="src/components/vexp.h" />
		<Unit filename="src/components/vfile.cpp" />
		<Unit filename="src/components/vfile.h" />
		<Unit filename="src/components/vnoise.cpp" />
		<Unit filename="src/components/vnoise.h" />
		<Unit filename="src/components/vpm.cpp" />
		<Unit filename="src/components/vpm.h" />
		<Unit filename="src/components/vprobe.cpp" />
		<Unit filename="src/components/vprobe.h" />
		<Unit filename="src/components/vpulse.cpp" />
		<Unit filename="src/components/vpulse.h" />
		<Unit filename="src/components/vrect.cpp" />
		<Unit filename="src/components/vrect.h" />
		<Unit filename="src/components/vvnoise.cpp" />
		<Unit filename="src/components/vvnoise.h" />
		<Unit filename="src/constants.h" />
		<Unit filename="src/consts.h" />
		<Unit filename="src/converter/Makefile.am">
			<Option target="Debug" />
			<Option target="Release" />
		</Unit>
		<Unit filename="src/converter/check_spice.cpp">
			<Option target="Debug" />
			<Option target="Release" />
		</Unit>
		<Unit filename="src/converter/check_spice.h">
			<Option target="Debug" />
			<Option target="Release" />
		</Unit>
		<Unit filename="src/converter/check_vcd.cpp">
			<Option target="Debug" />
			<Option target="Release" />
		</Unit>
		<Unit filename="src/converter/check_vcd.h">
			<Option target="Debug" />
			<Option target="Release" />
		</Unit>
		<Unit filename="src/converter/csv_producer.cpp">
			<Option target="Debug" />
			<Option target="Release" />
		</Unit>
		<Unit filename="src/converter/csv_producer.h">
			<Option target="Debug" />
			<Option target="Release" />
		</Unit>
		<Unit filename="src/converter/matlab_producer.cpp">
			<Option target="Debug" />
			<Option target="Release" />
		</Unit>
		<Unit filename="src/converter/matlab_producer.h">
			<Option target="Debug" />
			<Option target="Release" />
		</Unit>
		<Unit filename="src/converter/parse_spice.cpp">
			<Option target="Debug" />
			<Option target="Release" />
		</Unit>
		<Unit filename="src/converter/parse_vcd.cpp">
			<Option target="Debug" />
			<Option target="Release" />
		</Unit>
		<Unit filename="src/converter/qucs_producer.cpp">
			<Option target="Debug" />
			<Option target="Release" />
		</Unit>
		<Unit filename="src/converter/qucs_producer.h">
			<Option target="Debug" />
			<Option target="Release" />
		</Unit>
		<Unit filename="src/converter/qucsconv.cpp">
			<Option target="Debug" />
			<Option target="Release" />
		</Unit>
		<Unit filename="src/converter/scan_spice.cpp">
			<Option target="Debug" />
			<Option target="Release" />
		</Unit>
		<Unit filename="src/converter/scan_vcd.cpp">
			<Option target="Debug" />
			<Option target="Release" />
		</Unit>
		<Unit filename="src/converter/tokens_spice.h">
			<Option target="Debug" />
			<Option target="Release" />
		</Unit>
		<Unit filename="src/converter/tokens_vcd.h">
			<Option target="Debug" />
			<Option target="Release" />
		</Unit>
		<Unit filename="src/converter/touchstone_producer.cpp">
			<Option target="Debug" />
			<Option target="Release" />
		</Unit>
		<Unit filename="src/converter/touchstone_producer.h">
			<Option target="Debug" />
			<Option target="Release" />
		</Unit>
		<Unit filename="src/dataset.cpp" />
		<Unit filename="src/dataset.h" />
		<Unit filename="src/dcsolver.cpp" />
		<Unit filename="src/dcsolver.h" />
		<Unit filename="src/devstates.cpp" />
		<Unit filename="src/devstates.h" />
		<Unit filename="src/differentiate.cpp" />
		<Unit filename="src/differentiate.h" />
		<Unit filename="src/environment.cpp" />
		<Unit filename="src/environment.h" />
		<Unit filename="src/eqnsys.cpp">
			<Option target="Debug" />
			<Option target="Release" />
		</Unit>
		<Unit filename="src/eqnsys.h" />
		<Unit filename="src/equation.cpp" />
		<Unit filename="src/equation.h" />
		<Unit filename="src/evaluate.cpp" />
		<Unit filename="src/evaluate.h" />
		<Unit filename="src/exception.cpp" />
		<Unit filename="src/exception.h" />
		<Unit filename="src/exceptionstack.cpp" />
		<Unit filename="src/exceptionstack.h" />
		<Unit filename="src/fourier.cpp" />
		<Unit filename="src/fourier.h" />
		<Unit filename="src/gperfappgen.cpp">
			<Option target="Debug" />
			<Option target="Release" />
		</Unit>
		<Unit filename="src/gperfappgen.h">
			<Option target="Debug" />
			<Option target="Release" />
		</Unit>
		<Unit filename="src/gperfapphash.cpp">
			<Option target="Debug" />
			<Option target="Release" />
		</Unit>
		<Unit filename="src/hash.cpp">
			<Option target="Debug" />
			<Option target="Release" />
		</Unit>
		<Unit filename="src/hash.h" />
		<Unit filename="src/hbsolver.cpp" />
		<Unit filename="src/hbsolver.h" />
		<Unit filename="src/history.cpp" />
		<Unit filename="src/history.h" />
		<Unit filename="src/input.cpp" />
		<Unit filename="src/input.h" />
		<Unit filename="src/integrator.cpp" />
		<Unit filename="src/integrator.h" />
		<Unit filename="src/interface/Makefile.am">
			<Option target="Debug" />
			<Option target="Release" />
		</Unit>
		<Unit filename="src/interface/e_trsolver.cpp" />
		<Unit filename="src/interface/e_trsolver.h" />
		<Unit filename="src/interface/qucs_interface.cpp" />
		<Unit filename="src/interface/qucs_interface.h" />
		<Unit filename="src/interpolator.cpp" />
		<Unit filename="src/interpolator.h" />
		<Unit filename="src/libqucsator.h" />
		<Unit filename="src/logging.c">
			<Option compilerVar="CC" />
		</Unit>
		<Unit filename="src/logging.h" />
		<Unit filename="src/math/Makefile.am">
			<Option target="Debug" />
			<Option target="Release" />
		</Unit>
		<Unit filename="src/math/cbesselj.cpp" />
		<Unit filename="src/math/cmplx.cpp" />
		<Unit filename="src/math/cmplx.h" />
		<Unit filename="src/math/complex.cpp" />
		<Unit filename="src/math/complex.h" />
		<Unit filename="src/math/fspecial.cpp" />
		<Unit filename="src/math/fspecial.h" />
		<Unit filename="src/math/precision.c">
			<Option compilerVar="CC" />
		</Unit>
		<Unit filename="src/math/precision.h" />
		<Unit filename="src/math/real.cpp" />
		<Unit filename="src/math/real.h" />
		<Unit filename="src/matrix.cpp" />
		<Unit filename="src/matrix.h" />
		<Unit filename="src/matvec.cpp" />
		<Unit filename="src/matvec.h" />
		<Unit filename="src/module.cpp" />
		<Unit filename="src/module.h" />
		<Unit filename="src/nasolution.cpp">
			<Option target="Debug" />
			<Option target="Release" />
		</Unit>
		<Unit filename="src/nasolution.h" />
		<Unit filename="src/nasolver.cpp">
			<Option target="Debug" />
			<Option target="Release" />
		</Unit>
		<Unit filename="src/nasolver.h" />
		<Unit filename="src/net.cpp" />
		<Unit filename="src/net.h" />
		<Unit filename="src/netdefs.h" />
		<Unit filename="src/node.cpp" />
		<Unit filename="src/node.h" />
		<Unit filename="src/nodelist.cpp" />
		<Unit filename="src/nodelist.h" />
		<Unit filename="src/nodeset.cpp" />
		<Unit filename="src/nodeset.h" />
		<Unit filename="src/object.cpp" />
		<Unit filename="src/object.h" />
		<Unit filename="src/operatingpoint.cpp" />
		<Unit filename="src/operatingpoint.h" />
		<Unit filename="src/pair.cpp" />
		<Unit filename="src/pair.h" />
		<Unit filename="src/parasweep.cpp" />
		<Unit filename="src/parasweep.h" />
		<Unit filename="src/parse_citi.cpp" />
		<Unit filename="src/parse_citi.y">
			<Option target="Debug" />
			<Option target="Release" />
		</Unit>
		<Unit filename="src/parse_csv.cpp" />
		<Unit filename="src/parse_csv.y">
			<Option target="Debug" />
			<Option target="Release" />
		</Unit>
		<Unit filename="src/parse_dataset.cpp" />
		<Unit filename="src/parse_dataset.y">
			<Option target="Debug" />
			<Option target="Release" />
		</Unit>
		<Unit filename="src/parse_mdl.cpp" />
		<Unit filename="src/parse_mdl.y">
			<Option target="Debug" />
			<Option target="Release" />
		</Unit>
		<Unit filename="src/parse_netlist.cpp" />
		<Unit filename="src/parse_netlist.y">
			<Option target="Debug" />
			<Option target="Release" />
		</Unit>
		<Unit filename="src/parse_touchstone.cpp" />
		<Unit filename="src/parse_touchstone.y">
			<Option target="Debug" />
			<Option target="Release" />
		</Unit>
		<Unit filename="src/parse_zvr.cpp" />
		<Unit filename="src/parse_zvr.y">
			<Option target="Debug" />
			<Option target="Release" />
		</Unit>
		<Unit filename="src/poly.h" />
		<Unit filename="src/property.cpp" />
		<Unit filename="src/property.h" />
		<Unit filename="src/ptrlist.cpp">
			<Option target="Debug" />
			<Option target="Release" />
		</Unit>
		<Unit filename="src/ptrlist.h" />
		<Unit filename="src/qucsdefs.h" />
		<Unit filename="src/range.cpp" />
		<Unit filename="src/range.h" />
		<Unit filename="src/receiver.cpp" />
		<Unit filename="src/receiver.h" />
		<Unit filename="src/scan_citi.cpp" />
		<Unit filename="src/scan_csv.cpp" />
		<Unit filename="src/scan_dataset.cpp" />
		<Unit filename="src/scan_mdl.cpp" />
		<Unit filename="src/scan_netlist.cpp" />
		<Unit filename="src/scan_touchstone.cpp" />
		<Unit filename="src/scan_zvr.cpp" />
		<Unit filename="src/spline.cpp" />
		<Unit filename="src/spline.h" />
		<Unit filename="src/spsolver.cpp" />
		<Unit filename="src/spsolver.h" />
		<Unit filename="src/states.cpp">
			<Option target="Debug" />
			<Option target="Release" />
		</Unit>
		<Unit filename="src/states.h" />
		<Unit filename="src/strlist.cpp" />
		<Unit filename="src/strlist.h" />
		<Unit filename="src/sweep.cpp" />
		<Unit filename="src/sweep.h" />
		<Unit filename="src/tmatrix.cpp">
			<Option target="Debug" />
			<Option target="Release" />
		</Unit>
		<Unit filename="src/tmatrix.h" />
		<Unit filename="src/tokens_citi.h" />
		<Unit filename="src/tokens_csv.h" />
		<Unit filename="src/tokens_dataset.h" />
		<Unit filename="src/tokens_mdl.h" />
		<Unit filename="src/tokens_netlist.h" />
		<Unit filename="src/tokens_touchstone.h" />
		<Unit filename="src/tokens_zvr.h" />
		<Unit filename="src/transient.cpp" />
		<Unit filename="src/transient.h" />
		<Unit filename="src/tridiag.cpp">
			<Option target="Debug" />
			<Option target="Release" />
		</Unit>
		<Unit filename="src/tridiag.h" />
		<Unit filename="src/trsolver.cpp" />
		<Unit filename="src/trsolver.h" />
		<Unit filename="src/tvector.cpp">
			<Option target="Debug" />
			<Option target="Release" />
		</Unit>
		<Unit filename="src/tvector.h" />
		<Unit filename="src/ucs.cpp">
			<Option target="Debug" />
			<Option target="Release" />
		</Unit>
		<Unit filename="src/valuelist.cpp">
			<Option target="Debug" />
			<Option target="Release" />
		</Unit>
		<Unit filename="src/valuelist.h" />
		<Unit filename="src/variable.cpp" />
		<Unit filename="src/variable.h" />
		<Unit filename="src/vector.cpp" />
		<Unit filename="src/vector.h" />
		<Extensions>
			<code_completion />
			<debugger />
			<envvars />
		</Extensions>
	</Project>
</CodeBlocks_project_file>
